
Microsoft Visual Studio Solution File, Format Version 12.00
# Visual Studio Version 17
VisualStudioVersion = 17.1.32228.430
MinimumVisualStudioVersion = 10.0.40219.1
Project("{FAE04EC0-301F-11D3-BF4B-00C04F79EFBC}") = "Lesson5_HomeWork_2", "Lesson5_HomeWork_2\Lesson5_HomeWork_2.csproj", "{DEFF9C25-E938-408A-BB71-580E9478DBD4}"
EndProject
Global
	GlobalSection(SolutionConfigurationPlatforms) = preSolution
		Debug|Any CPU = Debug|Any CPU
		Release|Any CPU = Release|Any CPU
	EndGlobalSection
	GlobalSection(ProjectConfigurationPlatforms) = postSolution
		{DEFF9C25-E938-408A-BB71-580E9478DBD4}.Debug|Any CPU.ActiveCfg = Debug|Any CPU
		{DEFF9C25-E938-408A-BB71-580E9478DBD4}.Debug|Any CPU.Build.0 = Debug|Any CPU
		{DEFF9C25-E938-408A-BB71-580E9478DBD4}.Release|Any CPU.ActiveCfg = Release|Any CPU
		{DEFF9C25-E938-408A-BB71-580E9478DBD4}.Release|Any CPU.Build.0 = Release|Any CPU
	EndGlobalSection
	GlobalSection(SolutionProperties) = preSolution
		HideSolutionNode = FALSE
	EndGlobalSection
	GlobalSection(ExtensibilityGlobals) = postSolution
		SolutionGuid = {56461E9D-B409-4CE5-994D-F50459D6DAF9}
	EndGlobalSection
EndGlobal
